
Microsoft Visual Studio Solution File, Format Version 12.00
# Visual Studio 15
VisualStudioVersion = 15.0.28307.757
MinimumVisualStudioVersion = 10.0.40219.1
Project("{FAE04EC0-301F-11D3-BF4B-00C04F79EFBC}") = "ConsoleApp1", "ConsoleApp1\ConsoleApp1.csproj", "{A04D85CE-08C6-48E2-B925-FEB2848B29C6}"
EndProject
Project("{FAE04EC0-301F-11D3-BF4B-00C04F79EFBC}") = "PrismWpfExample", "PrismWpfExample\PrismWpfExample.csproj", "{4E0951BE-3805-4156-9366-1AD5DBCCE64B}"
EndProject
Global
	GlobalSection(SolutionConfigurationPlatforms) = preSolution
		Debug|Any CPU = Debug|Any CPU
		Release|Any CPU = Release|Any CPU
	EndGlobalSection
	GlobalSection(ProjectConfigurationPlatforms) = postSolution
		{A04D85CE-08C6-48E2-B925-FEB2848B29C6}.Debug|Any CPU.ActiveCfg = Debug|Any CPU
		{A04D85CE-08C6-48E2-B925-FEB2848B29C6}.Debug|Any CPU.Build.0 = Debug|Any CPU
		{A04D85CE-08C6-48E2-B925-FEB2848B29C6}.Release|Any CPU.ActiveCfg = Release|Any CPU
		{A04D85CE-08C6-48E2-B925-FEB2848B29C6}.Release|Any CPU.Build.0 = Release|Any CPU
		{4E0951BE-3805-4156-9366-1AD5DBCCE64B}.Debug|Any CPU.ActiveCfg = Debug|Any CPU
		{4E0951BE-3805-4156-9366-1AD5DBCCE64B}.Debug|Any CPU.Build.0 = Debug|Any CPU
		{4E0951BE-3805-4156-9366-1AD5DBCCE64B}.Release|Any CPU.ActiveCfg = Release|Any CPU
		{4E0951BE-3805-4156-9366-1AD5DBCCE64B}.Release|Any CPU.Build.0 = Release|Any CPU
	EndGlobalSection
	GlobalSection(SolutionProperties) = preSolution
		HideSolutionNode = FALSE
	EndGlobalSection
	GlobalSection(ExtensibilityGlobals) = postSolution
		SolutionGuid = {334F70A8-F822-4622-83B4-097690C67774}
	EndGlobalSection
EndGlobal
